
Microsoft Visual Studio Solution File, Format Version 12.00
# Visual Studio Version 17
VisualStudioVersion = 17.7.34024.191
MinimumVisualStudioVersion = 10.0.40219.1
Project("{9A19103F-16F7-4668-BE54-9A1E7A4F7556}") = "FGInAppUpdatePOC", "FGInAppUpdatePOC\FGInAppUpdatePOC.csproj", "{7F09882A-15EB-4808-A366-2833B39EA9D5}"
EndProject
Global
	GlobalSection(SolutionConfigurationPlatforms) = preSolution
		Debug|Any CPU = Debug|Any CPU
		Debug|ARM = Debug|ARM
		Debug|ARM64 = Debug|ARM64
		Debug|x64 = Debug|x64
		Debug|x86 = Debug|x86
		Release|Any CPU = Release|Any CPU
		Release|ARM = Release|ARM
		Release|ARM64 = Release|ARM64
		Release|x64 = Release|x64
		Release|x86 = Release|x86
	EndGlobalSection
	GlobalSection(ProjectConfigurationPlatforms) = postSolution
		{7F09882A-15EB-4808-A366-2833B39EA9D5}.Debug|Any CPU.ActiveCfg = Debug|x64
		{7F09882A-15EB-4808-A366-2833B39EA9D5}.Debug|Any CPU.Build.0 = Debug|x64
		{7F09882A-15EB-4808-A366-2833B39EA9D5}.Debug|Any CPU.Deploy.0 = Debug|x64
		{7F09882A-15EB-4808-A366-2833B39EA9D5}.Debug|ARM.ActiveCfg = Debug|x64
		{7F09882A-15EB-4808-A366-2833B39EA9D5}.Debug|ARM.Build.0 = Debug|x64
		{7F09882A-15EB-4808-A366-2833B39EA9D5}.Debug|ARM.Deploy.0 = Debug|x64
		{7F09882A-15EB-4808-A366-2833B39EA9D5}.Debug|ARM64.ActiveCfg = Debug|ARM64
		{7F09882A-15EB-4808-A366-2833B39EA9D5}.Debug|ARM64.Build.0 = Debug|ARM64
		{7F09882A-15EB-4808-A366-2833B39EA9D5}.Debug|ARM64.Deploy.0 = Debug|ARM64
		{7F09882A-15EB-4808-A366-2833B39EA9D5}.Debug|x64.ActiveCfg = Debug|x64
		{7F09882A-15EB-4808-A366-2833B39EA9D5}.Debug|x64.Build.0 = Debug|x64
		{7F09882A-15EB-4808-A366-2833B39EA9D5}.Debug|x64.Deploy.0 = Debug|x64
		{7F09882A-15EB-4808-A366-2833B39EA9D5}.Debug|x86.ActiveCfg = Debug|x86
		{7F09882A-15EB-4808-A366-2833B39EA9D5}.Debug|x86.Build.0 = Debug|x86
		{7F09882A-15EB-4808-A366-2833B39EA9D5}.Debug|x86.Deploy.0 = Debug|x86
		{7F09882A-15EB-4808-A366-2833B39EA9D5}.Release|Any CPU.ActiveCfg = Release|x64
		{7F09882A-15EB-4808-A366-2833B39EA9D5}.Release|Any CPU.Build.0 = Release|x64
		{7F09882A-15EB-4808-A366-2833B39EA9D5}.Release|Any CPU.Deploy.0 = Release|x64
		{7F09882A-15EB-4808-A366-2833B39EA9D5}.Release|ARM.ActiveCfg = Release|x64
		{7F09882A-15EB-4808-A366-2833B39EA9D5}.Release|ARM.Build.0 = Release|x64
		{7F09882A-15EB-4808-A366-2833B39EA9D5}.Release|ARM.Deploy.0 = Release|x64
		{7F09882A-15EB-4808-A366-2833B39EA9D5}.Release|ARM64.ActiveCfg = Release|ARM64
		{7F09882A-15EB-4808-A366-2833B39EA9D5}.Release|ARM64.Build.0 = Release|ARM64
		{7F09882A-15EB-4808-A366-2833B39EA9D5}.Release|ARM64.Deploy.0 = Release|ARM64
		{7F09882A-15EB-4808-A366-2833B39EA9D5}.Release|x64.ActiveCfg = Release|x64
		{7F09882A-15EB-4808-A366-2833B39EA9D5}.Release|x64.Build.0 = Release|x64
		{7F09882A-15EB-4808-A366-2833B39EA9D5}.Release|x64.Deploy.0 = Release|x64
		{7F09882A-15EB-4808-A366-2833B39EA9D5}.Release|x86.ActiveCfg = Release|x86
		{7F09882A-15EB-4808-A366-2833B39EA9D5}.Release|x86.Build.0 = Release|x86
		{7F09882A-15EB-4808-A366-2833B39EA9D5}.Release|x86.Deploy.0 = Release|x86
	EndGlobalSection
	GlobalSection(SolutionProperties) = preSolution
		HideSolutionNode = FALSE
	EndGlobalSection
	GlobalSection(ExtensibilityGlobals) = postSolution
		SolutionGuid = {E7AAC1F8-BBF6-4FD1-B983-0FE0F2D2DEFF}
	EndGlobalSection
EndGlobal
